// !$*UTF8*$!
{
	archiveVersion = 1;
	classes = {
	};
	objectVersion = 46;
	objects = {

/* Begin PBXBuildFile section */
		4E2815741B02A4F8004DBB84 /* AppDelegate.swift in Sources */ = {isa = PBXBuildFile; fileRef = 4E2815731B02A4F8004DBB84 /* AppDelegate.swift */; };
		4E2815761B02A4F8004DBB84 /* ViewController.swift in Sources */ = {isa = PBXBuildFile; fileRef = 4E2815751B02A4F8004DBB84 /* ViewController.swift */; };
		4E2815791B02A4F8004DBB84 /* Main.storyboard in Resources */ = {isa = PBXBuildFile; fileRef = 4E2815771B02A4F8004DBB84 /* Main.storyboard */; };
		4E28157B1B02A4F8004DBB84 /* Images.xcassets in Resources */ = {isa = PBXBuildFile; fileRef = 4E28157A1B02A4F8004DBB84 /* Images.xcassets */; };
		4E28157E1B02A4F8004DBB84 /* LaunchScreen.xib in Resources */ = {isa = PBXBuildFile; fileRef = 4E28157C1B02A4F8004DBB84 /* LaunchScreen.xib */; };
		4E28158A1B02A4F8004DBB84 /* satellite_earthTests.swift in Sources */ = {isa = PBXBuildFile; fileRef = 4E2815891B02A4F8004DBB84 /* satellite_earthTests.swift */; };
/* End PBXBuildFile section */

/* Begin PBXContainerItemProxy section */
		4E2815841B02A4F8004DBB84 /* PBXContainerItemProxy */ = {
			isa = PBXContainerItemProxy;
			containerPortal = 4E2815661B02A4F8004DBB84 /* Project object */;
			proxyType = 1;
			remoteGlobalIDString = 4E28156D1B02A4F8004DBB84;
			remoteInfo = "satellite earth";
		};
/* End PBXContainerItemProxy section */

/* Begin PBXFileReference section */
		4E28156E1B02A4F8004DBB84 /* satellite earth.app */ = {isa = PBXFileReference; explicitFileType = wrapper.application; includeInIndex = 0; path = "satellite earth.app"; sourceTree = BUILT_PRODUCTS_DIR; };
		4E2815721B02A4F8004DBB84 /* Info.plist */ = {isa = PBXFileReference; lastKnownFileType = text.plist.xml; path = Info.plist; sourceTree = "<group>"; };
		4E2815731B02A4F8004DBB84 /* AppDelegate.swift */ = {isa = PBXFileReference; lastKnownFileType = sourcecode.swift; path = AppDelegate.swift; sourceTree = "<group>"; };
		4E2815751B02A4F8004DBB84 /* ViewController.swift */ = {isa = PBXFileReference; lastKnownFileType = sourcecode.swift; path = ViewController.swift; sourceTree = "<group>"; };
		4E2815781B02A4F8004DBB84 /* Base */ = {isa = PBXFileReference; lastKnownFileType = file.storyboard; name = Base; path = Base.lproj/Main.storyboard; sourceTree = "<group>"; };
		4E28157A1B02A4F8004DBB84 /* Images.xcassets */ = {isa = PBXFileReference; lastKnownFileType = folder.assetcatalog; path = Images.xcassets; sourceTree = "<group>"; };
		4E28157D1B02A4F8004DBB84 /* Base */ = {isa = PBXFileReference; lastKnownFileType = file.xib; name = Base; path = Base.lproj/LaunchScreen.xib; sourceTree = "<group>"; };
		4E2815831B02A4F8004DBB84 /* satellite earthTests.xctest */ = {isa = PBXFileReference; explicitFileType = wrapper.cfbundle; includeInIndex = 0; path = "satellite earthTests.xctest"; sourceTree = BUILT_PRODUCTS_DIR; };
		4E2815881B02A4F8004DBB84 /* Info.plist */ = {isa = PBXFileReference; lastKnownFileType = text.plist.xml; path = Info.plist; sourceTree = "<group>"; };
		4E2815891B02A4F8004DBB84 /* satellite_earthTests.swift */ = {isa = PBXFileReference; lastKnownFileType = sourcecode.swift; path = satellite_earthTests.swift; sourceTree = "<group>"; };
/* End PBXFileReference section */

/* Begin PBXFrameworksBuildPhase section */
		4E28156B1B02A4F8004DBB84 /* Frameworks */ = {
			isa = PBXFrameworksBuildPhase;
			buildActionMask = 2147483647;
			files = (
			);
			runOnlyForDeploymentPostprocessing = 0;
		};
		4E2815801B02A4F8004DBB84 /* Frameworks */ = {
			isa = PBXFrameworksBuildPhase;
			buildActionMask = 2147483647;
			files = (
			);
			runOnlyForDeploymentPostprocessing = 0;
		};
/* End PBXFrameworksBuildPhase section */

/* Begin PBXGroup section */
		4E2815651B02A4F8004DBB84 = {
			isa = PBXGroup;
			children = (
				4E2815701B02A4F8004DBB84 /* satellite earth */,
				4E2815861B02A4F8004DBB84 /* satellite earthTests */,
				4E28156F1B02A4F8004DBB84 /* Products */,
			);
			sourceTree = "<group>";
		};
		4E28156F1B02A4F8004DBB84 /* Products */ = {
			isa = PBXGroup;
			children = (
				4E28156E1B02A4F8004DBB84 /* satellite earth.app */,
				4E2815831B02A4F8004DBB84 /* satellite earthTests.xctest */,
			);
			name = Products;
			sourceTree = "<group>";
		};
		4E2815701B02A4F8004DBB84 /* satellite earth */ = {
			isa = PBXGroup;
			children = (
				4E2815731B02A4F8004DBB84 /* AppDelegate.swift */,
				4E2815751B02A4F8004DBB84 /* ViewController.swift */,
				4E2815771B02A4F8004DBB84 /* Main.storyboard */,
				4E28157A1B02A4F8004DBB84 /* Images.xcassets */,
				4E28157C1B02A4F8004DBB84 /* LaunchScreen.xib */,
				4E2815711B02A4F8004DBB84 /* Supporting Files */,
			);
			path = "satellite earth";
			sourceTree = "<group>";
		};
		4E2815711B02A4F8004DBB84 /* Supporting Files */ = {
			isa = PBXGroup;
			children = (
				4E2815721B02A4F8004DBB84 /* Info.plist */,
			);
			name = "Supporting Files";
			sourceTree = "<group>";
		};
		4E2815861B02A4F8004DBB84 /* satellite earthTests */ = {
			isa = PBXGroup;
			children = (
				4E2815891B02A4F8004DBB84 /* satellite_earthTests.swift */,
				4E2815871B02A4F8004DBB84 /* Supporting Files */,
			);
			path = "satellite earthTests";
			sourceTree = "<group>";
		};
		4E2815871B02A4F8004DBB84 /* Supporting Files */ = {
			isa = PBXGroup;
			children = (
				4E2815881B02A4F8004DBB84 /* Info.plist */,
			);
			name = "Supporting Files";
			sourceTree = "<group>";
		};
/* End PBXGroup section */

/* Begin PBXNativeTarget section */
		4E28156D1B02A4F8004DBB84 /* satellite earth */ = {
			isa = PBXNativeTarget;
			buildConfigurationList = 4E28158D1B02A4F8004DBB84 /* Build configuration list for PBXNativeTarget "satellite earth" */;
			buildPhases = (
				4E28156A1B02A4F8004DBB84 /* Sources */,
				4E28156B1B02A4F8004DBB84 /* Frameworks */,
				4E28156C1B02A4F8004DBB84 /* Resources */,
			);
			buildRules = (
			);
			dependencies = (
			);
			name = "satellite earth";
			productName = "satellite earth";
			productReference = 4E28156E1B02A4F8004DBB84 /* satellite earth.app */;
			productType = "com.apple.product-type.application";
		};
		4E2815821B02A4F8004DBB84 /* satellite earthTests */ = {
			isa = PBXNativeTarget;
			buildConfigurationList = 4E2815901B02A4F8004DBB84 /* Build configuration list for PBXNativeTarget "satellite earthTests" */;
			buildPhases = (
				4E28157F1B02A4F8004DBB84 /* Sources */,
				4E2815801B02A4F8004DBB84 /* Frameworks */,
				4E2815811B02A4F8004DBB84 /* Resources */,
			);
			buildRules = (
			);
			dependencies = (
				4E2815851B02A4F8004DBB84 /* PBXTargetDependency */,
			);
			name = "satellite earthTests";
			productName = "satellite earthTests";
			productReference = 4E2815831B02A4F8004DBB84 /* satellite earthTests.xctest */;
			productType = "com.apple.product-type.bundle.unit-test";
		};
/* End PBXNativeTarget section */

/* Begin PBXProject section */
		4E2815661B02A4F8004DBB84 /* Project object */ = {
			isa = PBXProject;
			attributes = {
				LastUpgradeCheck = 0630;
				ORGANIZATIONNAME = "yuxi xiong";
				TargetAttributes = {
					4E28156D1B02A4F8004DBB84 = {
						CreatedOnToolsVersion = 6.3.1;
					};
					4E2815821B02A4F8004DBB84 = {
						CreatedOnToolsVersion = 6.3.1;
						TestTargetID = 4E28156D1B02A4F8004DBB84;
					};
				};
			};
			buildConfigurationList = 4E2815691B02A4F8004DBB84 /* Build configuration list for PBXProject "satellite earth" */;
			compatibilityVersion = "Xcode 3.2";
			developmentRegion = English;
			hasScannedForEncodings = 0;
			knownRegions = (
				en,
				Base,
			);
			mainGroup = 4E2815651B02A4F8004DBB84;
			productRefGroup = 4E28156F1B02A4F8004DBB84 /* Products */;
			projectDirPath = "";
			projectRoot = "";
			targets = (
				4E28156D1B02A4F8004DBB84 /* satellite earth */,
				4E2815821B02A4F8004DBB84 /* satellite earthTests */,
			);
		};
/* End PBXProject section */

/* Begin PBXResourcesBuildPhase section */
		4E28156C1B02A4F8004DBB84 /* Resources */ = {
			isa = PBXResourcesBuildPhase;
			buildActionMask = 2147483647;
			files = (
				4E2815791B02A4F8004DBB84 /* Main.storyboard in Resources */,
				4E28157E1B02A4F8004DBB84 /* LaunchScreen.xib in Resources */,
				4E28157B1B02A4F8004DBB84 /* Images.xcassets in Resources */,
			);
			runOnlyForDeploymentPostprocessing = 0;
		};
		4E2815811B02A4F8004DBB84 /* Resources */ = {
			isa = PBXResourcesBuildPhase;
			buildActionMask = 2147483647;
			files = (
			);
			runOnlyForDeploymentPostprocessing = 0;
		};
/* End PBXResourcesBuildPhase section */

/* Begin PBXSourcesBuildPhase section */
		4E28156A1B02A4F8004DBB84 /* Sources */ = {
			isa = PBXSourcesBuildPhase;
			buildActionMask = 2147483647;
			files = (
				4E2815761B02A4F8004DBB84 /* ViewController.swift in Sources */,
				4E2815741B02A4F8004DBB84 /* AppDelegate.swift in Sources */,
			);
			runOnlyForDeploymentPostprocessing = 0;
		};
		4E28157F1B02A4F8004DBB84 /* Sources */ = {
			isa = PBXSourcesBuildPhase;
			buildActionMask = 2147483647;
			files = (
				4E28158A1B02A4F8004DBB84 /* satellite_earthTests.swift in Sources */,
			);
			runOnlyForDeploymentPostprocessing = 0;
		};
/* End PBXSourcesBuildPhase section */

/* Begin PBXTargetDependency section */
		4E2815851B02A4F8004DBB84 /* PBXTargetDependency */ = {
			isa = PBXTargetDependency;
			target = 4E28156D1B02A4F8004DBB84 /* satellite earth */;
			targetProxy = 4E2815841B02A4F8004DBB84 /* PBXContainerItemProxy */;
		};
/* End PBXTargetDependency section */

/* Begin PBXVariantGroup section */
		4E2815771B02A4F8004DBB84 /* Main.storyboard */ = {
			isa = PBXVariantGroup;
			children = (
				4E2815781B02A4F8004DBB84 /* Base */,
			);
			name = Main.storyboard;
			sourceTree = "<group>";
		};
		4E28157C1B02A4F8004DBB84 /* LaunchScreen.xib */ = {
			isa = PBXVariantGroup;
			children = (
				4E28157D1B02A4F8004DBB84 /* Base */,
			);
			name = LaunchScreen.xib;
			sourceTree = "<group>";
		};
/* End PBXVariantGroup section */

/* Begin XCBuildConfiguration section */
		4E28158B1B02A4F8004DBB84 /* Debug */ = {
			isa = XCBuildConfiguration;
			buildSettings = {
				ALWAYS_SEARCH_USER_PATHS = NO;
				CLANG_CXX_LANGUAGE_STANDARD = "gnu++0x";
				CLANG_CXX_LIBRARY = "libc++";
				CLANG_ENABLE_MODULES = YES;
				CLANG_ENABLE_OBJC_ARC = YES;
				CLANG_WARN_BOOL_CONVERSION = YES;
				CLANG_WARN_CONSTANT_CONVERSION = YES;
				CLANG_WARN_DIRECT_OBJC_ISA_USAGE = YES_ERROR;
				CLANG_WARN_EMPTY_BODY = YES;
				CLANG_WARN_ENUM_CONVERSION = YES;
				CLANG_WARN_INT_CONVERSION = YES;
				CLANG_WARN_OBJC_ROOT_CLASS = YES_ERROR;
				CLANG_WARN_UNREACHABLE_CODE = YES;
				CLANG_WARN__DUPLICATE_METHOD_MATCH = YES;
				"CODE_SIGN_IDENTITY[sdk=iphoneos*]" = "iPhone Developer";
				COPY_PHASE_STRIP = NO;
				DEBUG_INFORMATION_FORMAT = "dwarf-with-dsym";
				ENABLE_STRICT_OBJC_MSGSEND = YES;
				GCC_C_LANGUAGE_STANDARD = gnu99;
				GCC_DYNAMIC_NO_PIC = NO;
				GCC_NO_COMMON_BLOCKS = YES;
				GCC_OPTIMIZATION_LEVEL = 0;
				GCC_PREPROCESSOR_DEFINITIONS = (
					"DEBUG=1",
					"$(inherited)",
				);
				GCC_SYMBOLS_PRIVATE_EXTERN = NO;
				GCC_WARN_64_TO_32_BIT_CONVERSION = YES;
				GCC_WARN_ABOUT_RETURN_TYPE = YES_ERROR;
				GCC_WARN_UNDECLARED_SELECTOR = YES;
				GCC_WARN_UNINITIALIZED_AUTOS = YES_AGGRESSIVE;
				GCC_WARN_UNUSED_FUNCTION = YES;
				GCC_WARN_UNUSED_VARIABLE = YES;
				IPHONEOS_DEPLOYMENT_TARGET = 8.3;
				MTL_ENABLE_DEBUG_INFO = YES;
				ONLY_ACTIVE_ARCH = YES;
				SDKROOT = iphoneos;
				SWIFT_OPTIMIZATION_LEVEL = "-Onone";
			};
			name = Debug;
		};
		4E28158C1B02A4F8004DBB84 /* Release */ = {
			isa = XCBuildConfiguration;
			buildSettings = {
				ALWAYS_SEARCH_USER_PATHS = NO;
				CLANG_CXX_LANGUAGE_STANDARD = "gnu++0x";
				CLANG_CXX_LIBRARY = "libc++";
				CLANG_ENABLE_MODULES = YES;
				CLANG_ENABLE_OBJC_ARC = YES;
				CLANG_WARN_BOOL_CONVERSION = YES;
				CLANG_WARN_CONSTANT_CONVERSION = YES;
				CLANG_WARN_DIRECT_OBJC_ISA_USAGE = YES_ERROR;
				CLANG_WARN_EMPTY_BODY = YES;
				CLANG_WARN_ENUM_CONVERSION = YES;
				CLANG_WARN_INT_CONVERSION = YES;
				CLANG_WARN_OBJC_ROOT_CLASS = YES_ERROR;
				CLANG_WARN_UNREACHABLE_CODE = YES;
				CLANG_WARN__DUPLICATE_METHOD_MATCH = YES;
				"CODE_SIGN_IDENTITY[sdk=iphoneos*]" = "iPhone Developer";
				COPY_PHASE_STRIP = NO;
				DEBUG_INFORMATION_FORMAT = "dwarf-with-dsym";
				ENABLE_NS_ASSERTIONS = NO;
				ENABLE_STRICT_OBJC_MSGSEND = YES;
				GCC_C_LANGUAGE_STANDARD = gnu99;
				GCC_NO_COMMON_BLOCKS = YES;
				GCC_WARN_64_TO_32_BIT_CONVERSION = YES;
				GCC_WARN_ABOUT_RETURN_TYPE = YES_ERROR;
				GCC_WARN_UNDECLARED_SELECTOR = YES;
				GCC_WARN_UNINITIALIZED_AUTOS = YES_AGGRESSIVE;
				GCC_WARN_UNUSED_FUNCTION = YES;
				GCC_WARN_UNUSED_VARIABLE = YES;
				IPHONEOS_DEPLOYMENT_TARGET = 8.3;
				MTL_ENABLE_DEBUG_INFO = NO;
				SDKROOT = iphoneos;
				VALIDATE_PRODUCT = YES;
			};
			name = Release;
		};
		4E28158E1B02A4F8004DBB84 /* Debug */ = {
			isa = XCBuildConfiguration;
			buildSettings = {
				ASSETCATALOG_COMPILER_APPICON_NAME = AppIcon;
				INFOPLIST_FILE = "satellite earth/Info.plist";
				LD_RUNPATH_SEARCH_PATHS = "$(inherited) @executable_path/Frameworks";
				PRODUCT_NAME = "$(TARGET_NAME)";
			};
			name = Debug;
		};
		4E28158F1B02A4F8004DBB84 /* Release */ = {
			isa = XCBuildConfiguration;
			buildSettings = {
				ASSETCATALOG_COMPILER_APPICON_NAME = AppIcon;
				INFOPLIST_FILE = "satellite earth/Info.plist";
				LD_RUNPATH_SEARCH_PATHS = "$(inherited) @executable_path/Frameworks";
				PRODUCT_NAME = "$(TARGET_NAME)";
			};
			name = Release;
		};
		4E2815911B02A4F8004DBB84 /* Debug */ = {
			isa = XCBuildConfiguration;
			buildSettings = {
				BUNDLE_LOADER = "$(TEST_HOST)";
				FRAMEWORK_SEARCH_PATHS = (
					"$(SDKROOT)/Developer/Library/Frameworks",
					"$(inherited)",
				);
				GCC_PREPROCESSOR_DEFINITIONS = (
					"DEBUG=1",
					"$(inherited)",
				);
				INFOPLIST_FILE = "satellite earthTests/Info.plist";
				LD_RUNPATH_SEARCH_PATHS = "$(inherited) @executable_path/Frameworks @loader_path/Frameworks";
				PRODUCT_NAME = "$(TARGET_NAME)";
				TEST_HOST = "$(BUILT_PRODUCTS_DIR)/satellite earth.app/satellite earth";
			};
			name = Debug;
		};
		4E2815921B02A4F8004DBB84 /* Release */ = {
			isa = XCBuildConfiguration;
			buildSettings = {
				BUNDLE_LOADER = "$(TEST_HOST)";
				FRAMEWORK_SEARCH_PATHS = (
					"$(SDKROOT)/Developer/Library/Frameworks",
					"$(inherited)",
				);
				INFOPLIST_FILE = "satellite earthTests/Info.plist";
				LD_RUNPATH_SEARCH_PATHS = "$(inherited) @executable_path/Frameworks @loader_path/Frameworks";
				PRODUCT_NAME = "$(TARGET_NAME)";
				TEST_HOST = "$(BUILT_PRODUCTS_DIR)/satellite earth.app/satellite earth";
			};
			name = Release;
		};
/* End XCBuildConfiguration section */

/* Begin XCConfigurationList section */
		4E2815691B02A4F8004DBB84 /* Build configuration list for PBXProject "satellite earth" */ = {
			isa = XCConfigurationList;
			buildConfigurations = (
				4E28158B1B02A4F8004DBB84 /* Debug */,
				4E28158C1B02A4F8004DBB84 /* Release */,
			);
			defaultConfigurationIsVisible = 0;
			defaultConfigurationName = Release;
		};
		4E28158D1B02A4F8004DBB84 /* Build configuration list for PBXNativeTarget "satellite earth" */ = {
			isa = XCConfigurationList;
			buildConfigurations = (
				4E28158E1B02A4F8004DBB84 /* Debug */,
				4E28158F1B02A4F8004DBB84 /* Release */,
			);
			defaultConfigurationIsVisible = 0;
		};
		4E2815901B02A4F8004DBB84 /* Build configuration list for PBXNativeTarget "satellite earthTests" */ = {
			isa = XCConfigurationList;
			buildConfigurations = (
				4E2815911B02A4F8004DBB84 /* Debug */,
				4E2815921B02A4F8004DBB84 /* Release */,
			);
			defaultConfigurationIsVisible = 0;
		};
/* End XCConfigurationList section */
	};
	rootObject = 4E2815661B02A4F8004DBB84 /* Project object */;
}
